name: update flake lock

on:
  schedule:
    # run every saturday
    - cron: "0 0 * * 6"
  workflow_dispatch:

permissions:
  contents: write
  pull-requests: write

jobs:
  update:
    runs-on: ubuntu-latest

    steps:
      - uses: actions/checkout@v4
      - uses: DeterminateSystems/nix-installer-action@main

      - name: update lockfile
        uses: DeterminateSystems/update-flake-lock@v20
        id: update
        with:
          commit-msg: "flake: update inputs"
          pr-title: "flake: update inputs"
          token: ${{ github.token }}

      - name: enable auto-merge
        shell: bash
        run: gh pr merge --auto --rebase "$PR_ID"
        env:
          GITHUB_TOKEN: ${{ github.token }}
          PR_ID: ${{ steps.update.outputs.pull-request-number }}
