name: update flake lock

on:
  schedule:
    # run every saturday
    - cron: "0 0 * * 6"
  workflow_dispatch:

jobs:
  update:
    runs-on: ubuntu-latest

    permissions:
      contents: write
      pull-requests: write

    steps:
      - uses: actions/checkout@v4

      - name: install nix
        uses: nixbuild/nix-quick-install-action@v26

      - name: update lockfile
        uses: DeterminateSystems/update-flake-lock@v20
        id: update
        with:
          commit-msg: "flake: update inputs"
          pr-title: "flake: update inputs"
          token: ${{ github.token }}

      - name: enable auto-merge
        shell: bash
        run: gh pr merge --auto --rebase "$PR_ID"
        env:
          GH_TOKEN: ${{ github.token }}
          PR_ID: ${{ steps.update.outputs.pull-request-number }}
